// !$*UTF8*$!
{
	archiveVersion = 1;
	classes = {
	};
	objectVersion = 46;
	objects = {

/* Begin PBXBuildFile section */
		CE86E3701EFDBF1800E1954C /* AppDelegate.swift in Sources */ = {isa = PBXBuildFile; fileRef = CE86E36F1EFDBF1800E1954C /* AppDelegate.swift */; };
		CE86E3721EFDBF1800E1954C /* MasterViewController.swift in Sources */ = {isa = PBXBuildFile; fileRef = CE86E3711EFDBF1800E1954C /* MasterViewController.swift */; };
		CE86E3741EFDBF1800E1954C /* DetailViewController.swift in Sources */ = {isa = PBXBuildFile; fileRef = CE86E3731EFDBF1800E1954C /* DetailViewController.swift */; };
		CE86E3771EFDBF1800E1954C /* Main.storyboard in Resources */ = {isa = PBXBuildFile; fileRef = CE86E3751EFDBF1800E1954C /* Main.storyboard */; };
		CE86E3791EFDBF1800E1954C /* Assets.xcassets in Resources */ = {isa = PBXBuildFile; fileRef = CE86E3781EFDBF1800E1954C /* Assets.xcassets */; };
		CE86E37C1EFDBF1800E1954C /* LaunchScreen.storyboard in Resources */ = {isa = PBXBuildFile; fileRef = CE86E37A1EFDBF1800E1954C /* LaunchScreen.storyboard */; };
		CE86E3871EFDBF1800E1954C /* CountersTests.swift in Sources */ = {isa = PBXBuildFile; fileRef = CE86E3861EFDBF1800E1954C /* CountersTests.swift */; };
		CE86E3921EFDBF1800E1954C /* CountersUITests.swift in Sources */ = {isa = PBXBuildFile; fileRef = CE86E3911EFDBF1800E1954C /* CountersUITests.swift */; };
/* End PBXBuildFile section */

/* Begin PBXContainerItemProxy section */
		CE86E3831EFDBF1800E1954C /* PBXContainerItemProxy */ = {
			isa = PBXContainerItemProxy;
			containerPortal = CE86E3641EFDBF1800E1954C /* Project object */;
			proxyType = 1;
			remoteGlobalIDString = CE86E36B1EFDBF1800E1954C;
			remoteInfo = Counters;
		};
		CE86E38E1EFDBF1800E1954C /* PBXContainerItemProxy */ = {
			isa = PBXContainerItemProxy;
			containerPortal = CE86E3641EFDBF1800E1954C /* Project object */;
			proxyType = 1;
			remoteGlobalIDString = CE86E36B1EFDBF1800E1954C;
			remoteInfo = Counters;
		};
/* End PBXContainerItemProxy section */

/* Begin PBXFileReference section */
		CE86E36C1EFDBF1800E1954C /* Counters.app */ = {isa = PBXFileReference; explicitFileType = wrapper.application; includeInIndex = 0; path = Counters.app; sourceTree = BUILT_PRODUCTS_DIR; };
		CE86E36F1EFDBF1800E1954C /* AppDelegate.swift */ = {isa = PBXFileReference; lastKnownFileType = sourcecode.swift; path = AppDelegate.swift; sourceTree = "<group>"; };
		CE86E3711EFDBF1800E1954C /* MasterViewController.swift */ = {isa = PBXFileReference; lastKnownFileType = sourcecode.swift; path = MasterViewController.swift; sourceTree = "<group>"; };
		CE86E3731EFDBF1800E1954C /* DetailViewController.swift */ = {isa = PBXFileReference; lastKnownFileType = sourcecode.swift; path = DetailViewController.swift; sourceTree = "<group>"; };
		CE86E3761EFDBF1800E1954C /* Base */ = {isa = PBXFileReference; lastKnownFileType = file.storyboard; name = Base; path = Base.lproj/Main.storyboard; sourceTree = "<group>"; };
		CE86E3781EFDBF1800E1954C /* Assets.xcassets */ = {isa = PBXFileReference; lastKnownFileType = folder.assetcatalog; path = Assets.xcassets; sourceTree = "<group>"; };
		CE86E37B1EFDBF1800E1954C /* Base */ = {isa = PBXFileReference; lastKnownFileType = file.storyboard; name = Base; path = Base.lproj/LaunchScreen.storyboard; sourceTree = "<group>"; };
		CE86E37D1EFDBF1800E1954C /* Info.plist */ = {isa = PBXFileReference; lastKnownFileType = text.plist.xml; path = Info.plist; sourceTree = "<group>"; };
		CE86E3821EFDBF1800E1954C /* CountersTests.xctest */ = {isa = PBXFileReference; explicitFileType = wrapper.cfbundle; includeInIndex = 0; path = CountersTests.xctest; sourceTree = BUILT_PRODUCTS_DIR; };
		CE86E3861EFDBF1800E1954C /* CountersTests.swift */ = {isa = PBXFileReference; lastKnownFileType = sourcecode.swift; path = CountersTests.swift; sourceTree = "<group>"; };
		CE86E3881EFDBF1800E1954C /* Info.plist */ = {isa = PBXFileReference; lastKnownFileType = text.plist.xml; path = Info.plist; sourceTree = "<group>"; };
		CE86E38D1EFDBF1800E1954C /* CountersUITests.xctest */ = {isa = PBXFileReference; explicitFileType = wrapper.cfbundle; includeInIndex = 0; path = CountersUITests.xctest; sourceTree = BUILT_PRODUCTS_DIR; };
		CE86E3911EFDBF1800E1954C /* CountersUITests.swift */ = {isa = PBXFileReference; lastKnownFileType = sourcecode.swift; path = CountersUITests.swift; sourceTree = "<group>"; };
		CE86E3931EFDBF1800E1954C /* Info.plist */ = {isa = PBXFileReference; lastKnownFileType = text.plist.xml; path = Info.plist; sourceTree = "<group>"; };
/* End PBXFileReference section */

/* Begin PBXFrameworksBuildPhase section */
		CE86E3691EFDBF1800E1954C /* Frameworks */ = {
			isa = PBXFrameworksBuildPhase;
			buildActionMask = 2147483647;
			files = (
			);
			runOnlyForDeploymentPostprocessing = 0;
		};
		CE86E37F1EFDBF1800E1954C /* Frameworks */ = {
			isa = PBXFrameworksBuildPhase;
			buildActionMask = 2147483647;
			files = (
			);
			runOnlyForDeploymentPostprocessing = 0;
		};
		CE86E38A1EFDBF1800E1954C /* Frameworks */ = {
			isa = PBXFrameworksBuildPhase;
			buildActionMask = 2147483647;
			files = (
			);
			runOnlyForDeploymentPostprocessing = 0;
		};
/* End PBXFrameworksBuildPhase section */

/* Begin PBXGroup section */
		CE86E3631EFDBF1800E1954C = {
			isa = PBXGroup;
			children = (
				CE86E36E1EFDBF1800E1954C /* Counters */,
				CE86E3851EFDBF1800E1954C /* CountersTests */,
				CE86E3901EFDBF1800E1954C /* CountersUITests */,
				CE86E36D1EFDBF1800E1954C /* Products */,
			);
			sourceTree = "<group>";
		};
		CE86E36D1EFDBF1800E1954C /* Products */ = {
			isa = PBXGroup;
			children = (
				CE86E36C1EFDBF1800E1954C /* Counters.app */,
				CE86E3821EFDBF1800E1954C /* CountersTests.xctest */,
				CE86E38D1EFDBF1800E1954C /* CountersUITests.xctest */,
			);
			name = Products;
			sourceTree = "<group>";
		};
		CE86E36E1EFDBF1800E1954C /* Counters */ = {
			isa = PBXGroup;
			children = (
				CE86E36F1EFDBF1800E1954C /* AppDelegate.swift */,
				CE86E3711EFDBF1800E1954C /* MasterViewController.swift */,
				CE86E3731EFDBF1800E1954C /* DetailViewController.swift */,
				CE86E3751EFDBF1800E1954C /* Main.storyboard */,
				CE86E3781EFDBF1800E1954C /* Assets.xcassets */,
				CE86E37A1EFDBF1800E1954C /* LaunchScreen.storyboard */,
				CE86E37D1EFDBF1800E1954C /* Info.plist */,
			);
			path = Counters;
			sourceTree = "<group>";
		};
		CE86E3851EFDBF1800E1954C /* CountersTests */ = {
			isa = PBXGroup;
			children = (
				CE86E3861EFDBF1800E1954C /* CountersTests.swift */,
				CE86E3881EFDBF1800E1954C /* Info.plist */,
			);
			path = CountersTests;
			sourceTree = "<group>";
		};
		CE86E3901EFDBF1800E1954C /* CountersUITests */ = {
			isa = PBXGroup;
			children = (
				CE86E3911EFDBF1800E1954C /* CountersUITests.swift */,
				CE86E3931EFDBF1800E1954C /* Info.plist */,
			);
			path = CountersUITests;
			sourceTree = "<group>";
		};
/* End PBXGroup section */

/* Begin PBXNativeTarget section */
		CE86E36B1EFDBF1800E1954C /* Counters */ = {
			isa = PBXNativeTarget;
			buildConfigurationList = CE86E3961EFDBF1800E1954C /* Build configuration list for PBXNativeTarget "Counters" */;
			buildPhases = (
				CE86E3681EFDBF1800E1954C /* Sources */,
				CE86E3691EFDBF1800E1954C /* Frameworks */,
				CE86E36A1EFDBF1800E1954C /* Resources */,
			);
			buildRules = (
			);
			dependencies = (
			);
			name = Counters;
			productName = Counters;
			productReference = CE86E36C1EFDBF1800E1954C /* Counters.app */;
			productType = "com.apple.product-type.application";
		};
		CE86E3811EFDBF1800E1954C /* CountersTests */ = {
			isa = PBXNativeTarget;
			buildConfigurationList = CE86E3991EFDBF1800E1954C /* Build configuration list for PBXNativeTarget "CountersTests" */;
			buildPhases = (
				CE86E37E1EFDBF1800E1954C /* Sources */,
				CE86E37F1EFDBF1800E1954C /* Frameworks */,
				CE86E3801EFDBF1800E1954C /* Resources */,
			);
			buildRules = (
			);
			dependencies = (
				CE86E3841EFDBF1800E1954C /* PBXTargetDependency */,
			);
			name = CountersTests;
			productName = CountersTests;
			productReference = CE86E3821EFDBF1800E1954C /* CountersTests.xctest */;
			productType = "com.apple.product-type.bundle.unit-test";
		};
		CE86E38C1EFDBF1800E1954C /* CountersUITests */ = {
			isa = PBXNativeTarget;
			buildConfigurationList = CE86E39C1EFDBF1800E1954C /* Build configuration list for PBXNativeTarget "CountersUITests" */;
			buildPhases = (
				CE86E3891EFDBF1800E1954C /* Sources */,
				CE86E38A1EFDBF1800E1954C /* Frameworks */,
				CE86E38B1EFDBF1800E1954C /* Resources */,
			);
			buildRules = (
			);
			dependencies = (
				CE86E38F1EFDBF1800E1954C /* PBXTargetDependency */,
			);
			name = CountersUITests;
			productName = CountersUITests;
			productReference = CE86E38D1EFDBF1800E1954C /* CountersUITests.xctest */;
			productType = "com.apple.product-type.bundle.ui-testing";
		};
/* End PBXNativeTarget section */

/* Begin PBXProject section */
		CE86E3641EFDBF1800E1954C /* Project object */ = {
			isa = PBXProject;
			attributes = {
				LastSwiftUpdateCheck = 0830;
				LastUpgradeCheck = 0830;
				ORGANIZATIONNAME = Aequilibrium;
				TargetAttributes = {
					CE86E36B1EFDBF1800E1954C = {
						CreatedOnToolsVersion = 8.3.3;
						DevelopmentTeam = 2LUTMUNS9W;
						ProvisioningStyle = Automatic;
					};
					CE86E3811EFDBF1800E1954C = {
						CreatedOnToolsVersion = 8.3.3;
						ProvisioningStyle = Automatic;
						TestTargetID = CE86E36B1EFDBF1800E1954C;
					};
					CE86E38C1EFDBF1800E1954C = {
						CreatedOnToolsVersion = 8.3.3;
						ProvisioningStyle = Automatic;
						TestTargetID = CE86E36B1EFDBF1800E1954C;
					};
				};
			};
			buildConfigurationList = CE86E3671EFDBF1800E1954C /* Build configuration list for PBXProject "Counters" */;
			compatibilityVersion = "Xcode 3.2";
			developmentRegion = English;
			hasScannedForEncodings = 0;
			knownRegions = (
				en,
				Base,
			);
			mainGroup = CE86E3631EFDBF1800E1954C;
			productRefGroup = CE86E36D1EFDBF1800E1954C /* Products */;
			projectDirPath = "";
			projectRoot = "";
			targets = (
				CE86E36B1EFDBF1800E1954C /* Counters */,
				CE86E3811EFDBF1800E1954C /* CountersTests */,
				CE86E38C1EFDBF1800E1954C /* CountersUITests */,
			);
		};
/* End PBXProject section */

/* Begin PBXResourcesBuildPhase section */
		CE86E36A1EFDBF1800E1954C /* Resources */ = {
			isa = PBXResourcesBuildPhase;
			buildActionMask = 2147483647;
			files = (
				CE86E37C1EFDBF1800E1954C /* LaunchScreen.storyboard in Resources */,
				CE86E3791EFDBF1800E1954C /* Assets.xcassets in Resources */,
				CE86E3771EFDBF1800E1954C /* Main.storyboard in Resources */,
			);
			runOnlyForDeploymentPostprocessing = 0;
		};
		CE86E3801EFDBF1800E1954C /* Resources */ = {
			isa = PBXResourcesBuildPhase;
			buildActionMask = 2147483647;
			files = (
			);
			runOnlyForDeploymentPostprocessing = 0;
		};
		CE86E38B1EFDBF1800E1954C /* Resources */ = {
			isa = PBXResourcesBuildPhase;
			buildActionMask = 2147483647;
			files = (
			);
			runOnlyForDeploymentPostprocessing = 0;
		};
/* End PBXResourcesBuildPhase section */

/* Begin PBXSourcesBuildPhase section */
		CE86E3681EFDBF1800E1954C /* Sources */ = {
			isa = PBXSourcesBuildPhase;
			buildActionMask = 2147483647;
			files = (
				CE86E3741EFDBF1800E1954C /* DetailViewController.swift in Sources */,
				CE86E3721EFDBF1800E1954C /* MasterViewController.swift in Sources */,
				CE86E3701EFDBF1800E1954C /* AppDelegate.swift in Sources */,
			);
			runOnlyForDeploymentPostprocessing = 0;
		};
		CE86E37E1EFDBF1800E1954C /* Sources */ = {
			isa = PBXSourcesBuildPhase;
			buildActionMask = 2147483647;
			files = (
				CE86E3871EFDBF1800E1954C /* CountersTests.swift in Sources */,
			);
			runOnlyForDeploymentPostprocessing = 0;
		};
		CE86E3891EFDBF1800E1954C /* Sources */ = {
			isa = PBXSourcesBuildPhase;
			buildActionMask = 2147483647;
			files = (
				CE86E3921EFDBF1800E1954C /* CountersUITests.swift in Sources */,
			);
			runOnlyForDeploymentPostprocessing = 0;
		};
/* End PBXSourcesBuildPhase section */

/* Begin PBXTargetDependency section */
		CE86E3841EFDBF1800E1954C /* PBXTargetDependency */ = {
			isa = PBXTargetDependency;
			target = CE86E36B1EFDBF1800E1954C /* Counters */;
			targetProxy = CE86E3831EFDBF1800E1954C /* PBXContainerItemProxy */;
		};
		CE86E38F1EFDBF1800E1954C /* PBXTargetDependency */ = {
			isa = PBXTargetDependency;
			target = CE86E36B1EFDBF1800E1954C /* Counters */;
			targetProxy = CE86E38E1EFDBF1800E1954C /* PBXContainerItemProxy */;
		};
/* End PBXTargetDependency section */

/* Begin PBXVariantGroup section */
		CE86E3751EFDBF1800E1954C /* Main.storyboard */ = {
			isa = PBXVariantGroup;
			children = (
				CE86E3761EFDBF1800E1954C /* Base */,
			);
			name = Main.storyboard;
			sourceTree = "<group>";
		};
		CE86E37A1EFDBF1800E1954C /* LaunchScreen.storyboard */ = {
			isa = PBXVariantGroup;
			children = (
				CE86E37B1EFDBF1800E1954C /* Base */,
			);
			name = LaunchScreen.storyboard;
			sourceTree = "<group>";
		};
/* End PBXVariantGroup section */

/* Begin XCBuildConfiguration section */
		CE86E3941EFDBF1800E1954C /* Debug */ = {
			isa = XCBuildConfiguration;
			buildSettings = {
				ALWAYS_SEARCH_USER_PATHS = NO;
				CLANG_ANALYZER_NONNULL = YES;
				CLANG_ANALYZER_NUMBER_OBJECT_CONVERSION = YES_AGGRESSIVE;
				CLANG_CXX_LANGUAGE_STANDARD = "gnu++0x";
				CLANG_CXX_LIBRARY = "libc++";
				CLANG_ENABLE_MODULES = YES;
				CLANG_ENABLE_OBJC_ARC = YES;
				CLANG_WARN_BOOL_CONVERSION = YES;
				CLANG_WARN_CONSTANT_CONVERSION = YES;
				CLANG_WARN_DIRECT_OBJC_ISA_USAGE = YES_ERROR;
				CLANG_WARN_DOCUMENTATION_COMMENTS = YES;
				CLANG_WARN_EMPTY_BODY = YES;
				CLANG_WARN_ENUM_CONVERSION = YES;
				CLANG_WARN_INFINITE_RECURSION = YES;
				CLANG_WARN_INT_CONVERSION = YES;
				CLANG_WARN_OBJC_ROOT_CLASS = YES_ERROR;
				CLANG_WARN_SUSPICIOUS_MOVE = YES;
				CLANG_WARN_UNREACHABLE_CODE = YES;
				CLANG_WARN__DUPLICATE_METHOD_MATCH = YES;
				"CODE_SIGN_IDENTITY[sdk=iphoneos*]" = "iPhone Developer";
				COPY_PHASE_STRIP = NO;
				DEBUG_INFORMATION_FORMAT = dwarf;
				ENABLE_STRICT_OBJC_MSGSEND = YES;
				ENABLE_TESTABILITY = YES;
				GCC_C_LANGUAGE_STANDARD = gnu99;
				GCC_DYNAMIC_NO_PIC = NO;
				GCC_NO_COMMON_BLOCKS = YES;
				GCC_OPTIMIZATION_LEVEL = 0;
				GCC_PREPROCESSOR_DEFINITIONS = (
					"DEBUG=1",
					"$(inherited)",
				);
				GCC_WARN_64_TO_32_BIT_CONVERSION = YES;
				GCC_WARN_ABOUT_RETURN_TYPE = YES_ERROR;
				GCC_WARN_UNDECLARED_SELECTOR = YES;
				GCC_WARN_UNINITIALIZED_AUTOS = YES_AGGRESSIVE;
				GCC_WARN_UNUSED_FUNCTION = YES;
				GCC_WARN_UNUSED_VARIABLE = YES;
				IPHONEOS_DEPLOYMENT_TARGET = 10.3;
				MTL_ENABLE_DEBUG_INFO = YES;
				ONLY_ACTIVE_ARCH = YES;
				SDKROOT = iphoneos;
				SWIFT_ACTIVE_COMPILATION_CONDITIONS = DEBUG;
				SWIFT_OPTIMIZATION_LEVEL = "-Onone";
				TARGETED_DEVICE_FAMILY = "1,2";
			};
			name = Debug;
		};
		CE86E3951EFDBF1800E1954C /* Release */ = {
			isa = XCBuildConfiguration;
			buildSettings = {
				ALWAYS_SEARCH_USER_PATHS = NO;
				CLANG_ANALYZER_NONNULL = YES;
				CLANG_ANALYZER_NUMBER_OBJECT_CONVERSION = YES_AGGRESSIVE;
				CLANG_CXX_LANGUAGE_STANDARD = "gnu++0x";
				CLANG_CXX_LIBRARY = "libc++";
				CLANG_ENABLE_MODULES = YES;
				CLANG_ENABLE_OBJC_ARC = YES;
				CLANG_WARN_BOOL_CONVERSION = YES;
				CLANG_WARN_CONSTANT_CONVERSION = YES;
				CLANG_WARN_DIRECT_OBJC_ISA_USAGE = YES_ERROR;
				CLANG_WARN_DOCUMENTATION_COMMENTS = YES;
				CLANG_WARN_EMPTY_BODY = YES;
				CLANG_WARN_ENUM_CONVERSION = YES;
				CLANG_WARN_INFINITE_RECURSION = YES;
				CLANG_WARN_INT_CONVERSION = YES;
				CLANG_WARN_OBJC_ROOT_CLASS = YES_ERROR;
				CLANG_WARN_SUSPICIOUS_MOVE = YES;
				CLANG_WARN_UNREACHABLE_CODE = YES;
				CLANG_WARN__DUPLICATE_METHOD_MATCH = YES;
				"CODE_SIGN_IDENTITY[sdk=iphoneos*]" = "iPhone Developer";
				COPY_PHASE_STRIP = NO;
				DEBUG_INFORMATION_FORMAT = "dwarf-with-dsym";
				ENABLE_NS_ASSERTIONS = NO;
				ENABLE_STRICT_OBJC_MSGSEND = YES;
				GCC_C_LANGUAGE_STANDARD = gnu99;
				GCC_NO_COMMON_BLOCKS = YES;
				GCC_WARN_64_TO_32_BIT_CONVERSION = YES;
				GCC_WARN_ABOUT_RETURN_TYPE = YES_ERROR;
				GCC_WARN_UNDECLARED_SELECTOR = YES;
				GCC_WARN_UNINITIALIZED_AUTOS = YES_AGGRESSIVE;
				GCC_WARN_UNUSED_FUNCTION = YES;
				GCC_WARN_UNUSED_VARIABLE = YES;
				IPHONEOS_DEPLOYMENT_TARGET = 10.3;
				MTL_ENABLE_DEBUG_INFO = NO;
				SDKROOT = iphoneos;
				SWIFT_OPTIMIZATION_LEVEL = "-Owholemodule";
				TARGETED_DEVICE_FAMILY = "1,2";
				VALIDATE_PRODUCT = YES;
			};
			name = Release;
		};
		CE86E3971EFDBF1800E1954C /* Debug */ = {
			isa = XCBuildConfiguration;
			buildSettings = {
				ASSETCATALOG_COMPILER_APPICON_NAME = AppIcon;
				DEVELOPMENT_TEAM = 2LUTMUNS9W;
				INFOPLIST_FILE = Counters/Info.plist;
				LD_RUNPATH_SEARCH_PATHS = "$(inherited) @executable_path/Frameworks";
				ONLY_ACTIVE_ARCH = NO;
				PRODUCT_BUNDLE_IDENTIFIER = ca.aequilibrium.Counters;
				PRODUCT_NAME = "$(TARGET_NAME)";
				SKIP_INSTALL = YES;
				SWIFT_VERSION = 3.0;
				VALID_ARCHS = "arm64 armv7 armv7s $(ARCHS_STANDARD)";
			};
			name = Debug;
		};
		CE86E3981EFDBF1800E1954C /* Release */ = {
			isa = XCBuildConfiguration;
			buildSettings = {
				ASSETCATALOG_COMPILER_APPICON_NAME = AppIcon;
				DEVELOPMENT_TEAM = 2LUTMUNS9W;
				INFOPLIST_FILE = Counters/Info.plist;
				LD_RUNPATH_SEARCH_PATHS = "$(inherited) @executable_path/Frameworks";
				ONLY_ACTIVE_ARCH = NO;
				PRODUCT_BUNDLE_IDENTIFIER = ca.aequilibrium.Counters;
				PRODUCT_NAME = "$(TARGET_NAME)";
				SKIP_INSTALL = YES;
				SWIFT_VERSION = 3.0;
				VALID_ARCHS = "arm64 armv7 armv7s $(ARCHS_STANDARD)";
			};
			name = Release;
		};
		CE86E39A1EFDBF1800E1954C /* Debug */ = {
			isa = XCBuildConfiguration;
			buildSettings = {
				ALWAYS_EMBED_SWIFT_STANDARD_LIBRARIES = YES;
				BUNDLE_LOADER = "$(TEST_HOST)";
				INFOPLIST_FILE = CountersTests/Info.plist;
				LD_RUNPATH_SEARCH_PATHS = "$(inherited) @executable_path/Frameworks @loader_path/Frameworks";
				PRODUCT_BUNDLE_IDENTIFIER = ca.aequilibrium.CountersTests;
				PRODUCT_NAME = "$(TARGET_NAME)";
				SWIFT_VERSION = 3.0;
				TEST_HOST = "$(BUILT_PRODUCTS_DIR)/Counters.app/Counters";
			};
			name = Debug;
		};
		CE86E39B1EFDBF1800E1954C /* Release */ = {
			isa = XCBuildConfiguration;
			buildSettings = {
				ALWAYS_EMBED_SWIFT_STANDARD_LIBRARIES = YES;
				BUNDLE_LOADER = "$(TEST_HOST)";
				INFOPLIST_FILE = CountersTests/Info.plist;
				LD_RUNPATH_SEARCH_PATHS = "$(inherited) @executable_path/Frameworks @loader_path/Frameworks";
				PRODUCT_BUNDLE_IDENTIFIER = ca.aequilibrium.CountersTests;
				PRODUCT_NAME = "$(TARGET_NAME)";
				SWIFT_VERSION = 3.0;
				TEST_HOST = "$(BUILT_PRODUCTS_DIR)/Counters.app/Counters";
			};
			name = Release;
		};
		CE86E39D1EFDBF1800E1954C /* Debug */ = {
			isa = XCBuildConfiguration;
			buildSettings = {
				ALWAYS_EMBED_SWIFT_STANDARD_LIBRARIES = YES;
				INFOPLIST_FILE = CountersUITests/Info.plist;
				LD_RUNPATH_SEARCH_PATHS = "$(inherited) @executable_path/Frameworks @loader_path/Frameworks";
				PRODUCT_BUNDLE_IDENTIFIER = ca.aequilibrium.CountersUITests;
				PRODUCT_NAME = "$(TARGET_NAME)";
				SWIFT_VERSION = 3.0;
				TEST_TARGET_NAME = Counters;
			};
			name = Debug;
		};
		CE86E39E1EFDBF1800E1954C /* Release */ = {
			isa = XCBuildConfiguration;
			buildSettings = {
				ALWAYS_EMBED_SWIFT_STANDARD_LIBRARIES = YES;
				INFOPLIST_FILE = CountersUITests/Info.plist;
				LD_RUNPATH_SEARCH_PATHS = "$(inherited) @executable_path/Frameworks @loader_path/Frameworks";
				PRODUCT_BUNDLE_IDENTIFIER = ca.aequilibrium.CountersUITests;
				PRODUCT_NAME = "$(TARGET_NAME)";
				SWIFT_VERSION = 3.0;
				TEST_TARGET_NAME = Counters;
			};
			name = Release;
		};
/* End XCBuildConfiguration section */

/* Begin XCConfigurationList section */
		CE86E3671EFDBF1800E1954C /* Build configuration list for PBXProject "Counters" */ = {
			isa = XCConfigurationList;
			buildConfigurations = (
				CE86E3941EFDBF1800E1954C /* Debug */,
				CE86E3951EFDBF1800E1954C /* Release */,
			);
			defaultConfigurationIsVisible = 0;
			defaultConfigurationName = Release;
		};
		CE86E3961EFDBF1800E1954C /* Build configuration list for PBXNativeTarget "Counters" */ = {
			isa = XCConfigurationList;
			buildConfigurations = (
				CE86E3971EFDBF1800E1954C /* Debug */,
				CE86E3981EFDBF1800E1954C /* Release */,
			);
			defaultConfigurationIsVisible = 0;
			defaultConfigurationName = Release;
		};
		CE86E3991EFDBF1800E1954C /* Build configuration list for PBXNativeTarget "CountersTests" */ = {
			isa = XCConfigurationList;
			buildConfigurations = (
				CE86E39A1EFDBF1800E1954C /* Debug */,
				CE86E39B1EFDBF1800E1954C /* Release */,
			);
			defaultConfigurationIsVisible = 0;
			defaultConfigurationName = Release;
		};
		CE86E39C1EFDBF1800E1954C /* Build configuration list for PBXNativeTarget "CountersUITests" */ = {
			isa = XCConfigurationList;
			buildConfigurations = (
				CE86E39D1EFDBF1800E1954C /* Debug */,
				CE86E39E1EFDBF1800E1954C /* Release */,
			);
			defaultConfigurationIsVisible = 0;
			defaultConfigurationName = Release;
		};
/* End XCConfigurationList section */
	};
	rootObject = CE86E3641EFDBF1800E1954C /* Project object */;
}
